
Microsoft Visual Studio Solution File, Format Version 12.00
# Visual Studio Version 17
VisualStudioVersion = 17.5.33424.131
MinimumVisualStudioVersion = 10.0.40219.1
Project("{FAE04EC0-301F-11D3-BF4B-00C04F79EFBC}") = "BulkyWeb", "BulkyWeb\BulkyWeb.csproj", "{2C997B22-4318-4DB9-9A78-BA05F16C89E2}"
EndProject
Global
	GlobalSection(SolutionConfigurationPlatforms) = preSolution
		Debug|Any CPU = Debug|Any CPU
		Release|Any CPU = Release|Any CPU
	EndGlobalSection
	GlobalSection(ProjectConfigurationPlatforms) = postSolution
		{2C997B22-4318-4DB9-9A78-BA05F16C89E2}.Debug|Any CPU.ActiveCfg = Debug|Any CPU
		{2C997B22-4318-4DB9-9A78-BA05F16C89E2}.Debug|Any CPU.Build.0 = Debug|Any CPU
		{2C997B22-4318-4DB9-9A78-BA05F16C89E2}.Release|Any CPU.ActiveCfg = Release|Any CPU
		{2C997B22-4318-4DB9-9A78-BA05F16C89E2}.Release|Any CPU.Build.0 = Release|Any CPU
	EndGlobalSection
	GlobalSection(SolutionProperties) = preSolution
		HideSolutionNode = FALSE
	EndGlobalSection
	GlobalSection(ExtensibilityGlobals) = postSolution
		SolutionGuid = {58BD1A7F-D532-491E-9E71-D73D97F84736}
	EndGlobalSection
EndGlobal
